
Microsoft Visual Studio Solution File, Format Version 12.00
# Visual Studio Version 17
VisualStudioVersion = 17.8.34316.72
MinimumVisualStudioVersion = 10.0.40219.1
Project("{FAE04EC0-301F-11D3-BF4B-00C04F79EFBC}") = "conditions task no 6", "conditions task no 6\conditions task no 6.csproj", "{A5E4BA6C-B627-4BF4-99CA-C1851CFB002C}"
EndProject
Global
	GlobalSection(SolutionConfigurationPlatforms) = preSolution
		Debug|Any CPU = Debug|Any CPU
		Release|Any CPU = Release|Any CPU
	EndGlobalSection
	GlobalSection(ProjectConfigurationPlatforms) = postSolution
		{A5E4BA6C-B627-4BF4-99CA-C1851CFB002C}.Debug|Any CPU.ActiveCfg = Debug|Any CPU
		{A5E4BA6C-B627-4BF4-99CA-C1851CFB002C}.Debug|Any CPU.Build.0 = Debug|Any CPU
		{A5E4BA6C-B627-4BF4-99CA-C1851CFB002C}.Release|Any CPU.ActiveCfg = Release|Any CPU
		{A5E4BA6C-B627-4BF4-99CA-C1851CFB002C}.Release|Any CPU.Build.0 = Release|Any CPU
	EndGlobalSection
	GlobalSection(SolutionProperties) = preSolution
		HideSolutionNode = FALSE
	EndGlobalSection
	GlobalSection(ExtensibilityGlobals) = postSolution
		SolutionGuid = {588C04A9-661D-4D3D-B1F4-16BEA1E1B8C8}
	EndGlobalSection
EndGlobal
